
Microsoft Visual Studio Solution File, Format Version 12.00
# Visual Studio Version 17
VisualStudioVersion = 17.14.36109.1 d17.14
MinimumVisualStudioVersion = 10.0.40219.1
Project("{FAE04EC0-301F-11D3-BF4B-00C04F79EFBC}") = "CadParcial2Ydzn", "CadParcial2Ydzn\CadParcial2Ydzn.csproj", "{8E31AB98-C291-4520-B8D5-7ED1A999C343}"
EndProject
Project("{FAE04EC0-301F-11D3-BF4B-00C04F79EFBC}") = "ClnParcial2Ydzn", "ClnParcial2Ydzn\ClnParcial2Ydzn.csproj", "{5B86C1E5-8952-4602-B2ED-EEB46C8BB455}"
EndProject
Project("{FAE04EC0-301F-11D3-BF4B-00C04F79EFBC}") = "CpParcial2Ydzn", "CpParcial2Ydzn\CpParcial2Ydzn.csproj", "{9FA8D1F7-91EE-4137-928E-3F941680DCA0}"
EndProject
Global
	GlobalSection(SolutionConfigurationPlatforms) = preSolution
		Debug|Any CPU = Debug|Any CPU
		Release|Any CPU = Release|Any CPU
	EndGlobalSection
	GlobalSection(ProjectConfigurationPlatforms) = postSolution
		{8E31AB98-C291-4520-B8D5-7ED1A999C343}.Debug|Any CPU.ActiveCfg = Debug|Any CPU
		{8E31AB98-C291-4520-B8D5-7ED1A999C343}.Debug|Any CPU.Build.0 = Debug|Any CPU
		{8E31AB98-C291-4520-B8D5-7ED1A999C343}.Release|Any CPU.ActiveCfg = Release|Any CPU
		{8E31AB98-C291-4520-B8D5-7ED1A999C343}.Release|Any CPU.Build.0 = Release|Any CPU
		{5B86C1E5-8952-4602-B2ED-EEB46C8BB455}.Debug|Any CPU.ActiveCfg = Debug|Any CPU
		{5B86C1E5-8952-4602-B2ED-EEB46C8BB455}.Debug|Any CPU.Build.0 = Debug|Any CPU
		{5B86C1E5-8952-4602-B2ED-EEB46C8BB455}.Release|Any CPU.ActiveCfg = Release|Any CPU
		{5B86C1E5-8952-4602-B2ED-EEB46C8BB455}.Release|Any CPU.Build.0 = Release|Any CPU
		{9FA8D1F7-91EE-4137-928E-3F941680DCA0}.Debug|Any CPU.ActiveCfg = Debug|Any CPU
		{9FA8D1F7-91EE-4137-928E-3F941680DCA0}.Debug|Any CPU.Build.0 = Debug|Any CPU
		{9FA8D1F7-91EE-4137-928E-3F941680DCA0}.Release|Any CPU.ActiveCfg = Release|Any CPU
		{9FA8D1F7-91EE-4137-928E-3F941680DCA0}.Release|Any CPU.Build.0 = Release|Any CPU
	EndGlobalSection
	GlobalSection(SolutionProperties) = preSolution
		HideSolutionNode = FALSE
	EndGlobalSection
	GlobalSection(ExtensibilityGlobals) = postSolution
		SolutionGuid = {D9D61DDB-FE7E-406F-93F6-BAA7B7BCF399}
	EndGlobalSection
EndGlobal
